
Microsoft Visual Studio Solution File, Format Version 12.00
# Visual Studio Version 17
VisualStudioVersion = 17.7.34221.43
MinimumVisualStudioVersion = 10.0.40219.1
Project("{FAE04EC0-301F-11D3-BF4B-00C04F79EFBC}") = "GuiTestClient", "GuiTestClient\GuiTestClient.csproj", "{C7F7AEA5-EBD5-4D7F-A4FD-55A9A8E592D3}"
EndProject
Global
	GlobalSection(SolutionConfigurationPlatforms) = preSolution
		Debug|Any CPU = Debug|Any CPU
		Release|Any CPU = Release|Any CPU
	EndGlobalSection
	GlobalSection(ProjectConfigurationPlatforms) = postSolution
		{C7F7AEA5-EBD5-4D7F-A4FD-55A9A8E592D3}.Debug|Any CPU.ActiveCfg = Debug|Any CPU
		{C7F7AEA5-EBD5-4D7F-A4FD-55A9A8E592D3}.Debug|Any CPU.Build.0 = Debug|Any CPU
		{C7F7AEA5-EBD5-4D7F-A4FD-55A9A8E592D3}.Release|Any CPU.ActiveCfg = Release|Any CPU
		{C7F7AEA5-EBD5-4D7F-A4FD-55A9A8E592D3}.Release|Any CPU.Build.0 = Release|Any CPU
	EndGlobalSection
	GlobalSection(SolutionProperties) = preSolution
		HideSolutionNode = FALSE
	EndGlobalSection
	GlobalSection(ExtensibilityGlobals) = postSolution
		SolutionGuid = {54210726-A932-42AD-AD44-31005FB5F6B2}
	EndGlobalSection
EndGlobal
